
Microsoft Visual Studio Solution File, Format Version 12.00
# Visual Studio Version 17
VisualStudioVersion = 17.0.31903.59
MinimumVisualStudioVersion = 10.0.40219.1
Project("{9A19103F-16F7-4668-BE54-9A1E7A4F7556}") = "ClassifiedsAzureADAuth.Client", "ClassifiedsAzureADAuth.Client\ClassifiedsAzureADAuth.Client.csproj", "{BC4032E9-AA7B-4B10-9778-11FC127FD0A6}"
EndProject
Project("{FAE04EC0-301F-11D3-BF4B-00C04F79EFBC}") = "ClassifiedsAzureADAuth.API", "ClassifiedsAzureADAuth.API\ClassifiedsAzureADAuth.API.csproj", "{0AB72A30-38C2-4DD8-BCD4-AC29DC4F84B3}"
EndProject
Project("{FAE04EC0-301F-11D3-BF4B-00C04F79EFBC}") = "ClassifiedsAzureADAuth.API2", "ClassifiedsAzureADAuth.API2\ClassifiedsAzureADAuth.API2.csproj", "{0F2A732A-9369-4D08-8C7F-A10ABD06CA81}"
EndProject
Global
	GlobalSection(SolutionConfigurationPlatforms) = preSolution
		Debug|Any CPU = Debug|Any CPU
		Release|Any CPU = Release|Any CPU
	EndGlobalSection
	GlobalSection(ProjectConfigurationPlatforms) = postSolution
		{BC4032E9-AA7B-4B10-9778-11FC127FD0A6}.Debug|Any CPU.ActiveCfg = Debug|Any CPU
		{BC4032E9-AA7B-4B10-9778-11FC127FD0A6}.Debug|Any CPU.Build.0 = Debug|Any CPU
		{BC4032E9-AA7B-4B10-9778-11FC127FD0A6}.Release|Any CPU.ActiveCfg = Release|Any CPU
		{BC4032E9-AA7B-4B10-9778-11FC127FD0A6}.Release|Any CPU.Build.0 = Release|Any CPU
		{0AB72A30-38C2-4DD8-BCD4-AC29DC4F84B3}.Debug|Any CPU.ActiveCfg = Debug|Any CPU
		{0AB72A30-38C2-4DD8-BCD4-AC29DC4F84B3}.Debug|Any CPU.Build.0 = Debug|Any CPU
		{0AB72A30-38C2-4DD8-BCD4-AC29DC4F84B3}.Release|Any CPU.ActiveCfg = Release|Any CPU
		{0AB72A30-38C2-4DD8-BCD4-AC29DC4F84B3}.Release|Any CPU.Build.0 = Release|Any CPU
		{0F2A732A-9369-4D08-8C7F-A10ABD06CA81}.Debug|Any CPU.ActiveCfg = Debug|Any CPU
		{0F2A732A-9369-4D08-8C7F-A10ABD06CA81}.Debug|Any CPU.Build.0 = Debug|Any CPU
		{0F2A732A-9369-4D08-8C7F-A10ABD06CA81}.Release|Any CPU.ActiveCfg = Release|Any CPU
		{0F2A732A-9369-4D08-8C7F-A10ABD06CA81}.Release|Any CPU.Build.0 = Release|Any CPU
	EndGlobalSection
	GlobalSection(SolutionProperties) = preSolution
		HideSolutionNode = FALSE
	EndGlobalSection
	GlobalSection(ExtensibilityGlobals) = postSolution
		SolutionGuid = {AFFDADB8-9127-4CA9-8E9B-1E8CABA460F3}
	EndGlobalSection
EndGlobal
